
Microsoft Visual Studio Solution File, Format Version 12.00
# Visual Studio Version 17
VisualStudioVersion = 17.4.33103.184
MinimumVisualStudioVersion = 10.0.40219.1
Project("{FAE04EC0-301F-11D3-BF4B-00C04F79EFBC}") = "SecureMunchesterUnited", "SecureMunchesterUnited\SecureMunchesterUnited.csproj", "{C9817C60-D279-403E-9DD2-589FD6EF9FCC}"
EndProject
Global
	GlobalSection(SolutionConfigurationPlatforms) = preSolution
		Debug|Any CPU = Debug|Any CPU
		Release|Any CPU = Release|Any CPU
	EndGlobalSection
	GlobalSection(ProjectConfigurationPlatforms) = postSolution
		{C9817C60-D279-403E-9DD2-589FD6EF9FCC}.Debug|Any CPU.ActiveCfg = Debug|Any CPU
		{C9817C60-D279-403E-9DD2-589FD6EF9FCC}.Debug|Any CPU.Build.0 = Debug|Any CPU
		{C9817C60-D279-403E-9DD2-589FD6EF9FCC}.Release|Any CPU.ActiveCfg = Release|Any CPU
		{C9817C60-D279-403E-9DD2-589FD6EF9FCC}.Release|Any CPU.Build.0 = Release|Any CPU
	EndGlobalSection
	GlobalSection(SolutionProperties) = preSolution
		HideSolutionNode = FALSE
	EndGlobalSection
	GlobalSection(ExtensibilityGlobals) = postSolution
		SolutionGuid = {2A8D016C-C2DD-4DBA-B889-150A2CC99DBE}
	EndGlobalSection
EndGlobal
